
Microsoft Visual Studio Solution File, Format Version 12.00
# Visual Studio Version 17
VisualStudioVersion = 17.4.33213.308
MinimumVisualStudioVersion = 10.0.40219.1
Project("{9A19103F-16F7-4668-BE54-9A1E7A4F7556}") = "Lekco Promissum", "Lekco Promissum.csproj", "{92095988-B756-4631-A4A3-5200BB60F0FF}"
EndProject
Project("{9A19103F-16F7-4668-BE54-9A1E7A4F7556}") = "Lekco Promissum Agens", "..\Promissum Agens\Lekco Promissum Agens.csproj", "{90BCDEFD-A9C2-45AB-8992-F95AD479A42A}"
EndProject
Global
	GlobalSection(SolutionConfigurationPlatforms) = preSolution
		Debug|Any CPU = Debug|Any CPU
		Debug|ARM = Debug|ARM
		Debug|ARM64 = Debug|ARM64
		Debug|x64 = Debug|x64
		Debug|x86 = Debug|x86
		Release|Any CPU = Release|Any CPU
		Release|ARM = Release|ARM
		Release|ARM64 = Release|ARM64
		Release|x64 = Release|x64
		Release|x86 = Release|x86
	EndGlobalSection
	GlobalSection(ProjectConfigurationPlatforms) = postSolution
		{92095988-B756-4631-A4A3-5200BB60F0FF}.Debug|Any CPU.ActiveCfg = Debug|Any CPU
		{92095988-B756-4631-A4A3-5200BB60F0FF}.Debug|Any CPU.Build.0 = Debug|Any CPU
		{92095988-B756-4631-A4A3-5200BB60F0FF}.Debug|ARM.ActiveCfg = Debug|Any CPU
		{92095988-B756-4631-A4A3-5200BB60F0FF}.Debug|ARM.Build.0 = Debug|Any CPU
		{92095988-B756-4631-A4A3-5200BB60F0FF}.Debug|ARM64.ActiveCfg = Debug|Any CPU
		{92095988-B756-4631-A4A3-5200BB60F0FF}.Debug|ARM64.Build.0 = Debug|Any CPU
		{92095988-B756-4631-A4A3-5200BB60F0FF}.Debug|x64.ActiveCfg = Debug|Any CPU
		{92095988-B756-4631-A4A3-5200BB60F0FF}.Debug|x64.Build.0 = Debug|Any CPU
		{92095988-B756-4631-A4A3-5200BB60F0FF}.Debug|x86.ActiveCfg = Debug|Any CPU
		{92095988-B756-4631-A4A3-5200BB60F0FF}.Debug|x86.Build.0 = Debug|Any CPU
		{92095988-B756-4631-A4A3-5200BB60F0FF}.Release|Any CPU.ActiveCfg = Release|Any CPU
		{92095988-B756-4631-A4A3-5200BB60F0FF}.Release|Any CPU.Build.0 = Release|Any CPU
		{92095988-B756-4631-A4A3-5200BB60F0FF}.Release|ARM.ActiveCfg = Release|Any CPU
		{92095988-B756-4631-A4A3-5200BB60F0FF}.Release|ARM.Build.0 = Release|Any CPU
		{92095988-B756-4631-A4A3-5200BB60F0FF}.Release|ARM64.ActiveCfg = Release|Any CPU
		{92095988-B756-4631-A4A3-5200BB60F0FF}.Release|ARM64.Build.0 = Release|Any CPU
		{92095988-B756-4631-A4A3-5200BB60F0FF}.Release|x64.ActiveCfg = Release|Any CPU
		{92095988-B756-4631-A4A3-5200BB60F0FF}.Release|x64.Build.0 = Release|Any CPU
		{92095988-B756-4631-A4A3-5200BB60F0FF}.Release|x86.ActiveCfg = Release|Any CPU
		{92095988-B756-4631-A4A3-5200BB60F0FF}.Release|x86.Build.0 = Release|Any CPU
		{90BCDEFD-A9C2-45AB-8992-F95AD479A42A}.Debug|Any CPU.ActiveCfg = Debug|Any CPU
		{90BCDEFD-A9C2-45AB-8992-F95AD479A42A}.Debug|Any CPU.Build.0 = Debug|Any CPU
		{90BCDEFD-A9C2-45AB-8992-F95AD479A42A}.Debug|ARM.ActiveCfg = Debug|Any CPU
		{90BCDEFD-A9C2-45AB-8992-F95AD479A42A}.Debug|ARM.Build.0 = Debug|Any CPU
		{90BCDEFD-A9C2-45AB-8992-F95AD479A42A}.Debug|ARM64.ActiveCfg = Debug|Any CPU
		{90BCDEFD-A9C2-45AB-8992-F95AD479A42A}.Debug|ARM64.Build.0 = Debug|Any CPU
		{90BCDEFD-A9C2-45AB-8992-F95AD479A42A}.Debug|x64.ActiveCfg = Debug|Any CPU
		{90BCDEFD-A9C2-45AB-8992-F95AD479A42A}.Debug|x64.Build.0 = Debug|Any CPU
		{90BCDEFD-A9C2-45AB-8992-F95AD479A42A}.Debug|x86.ActiveCfg = Debug|Any CPU
		{90BCDEFD-A9C2-45AB-8992-F95AD479A42A}.Debug|x86.Build.0 = Debug|Any CPU
		{90BCDEFD-A9C2-45AB-8992-F95AD479A42A}.Release|Any CPU.ActiveCfg = Release|Any CPU
		{90BCDEFD-A9C2-45AB-8992-F95AD479A42A}.Release|Any CPU.Build.0 = Release|Any CPU
		{90BCDEFD-A9C2-45AB-8992-F95AD479A42A}.Release|ARM.ActiveCfg = Release|Any CPU
		{90BCDEFD-A9C2-45AB-8992-F95AD479A42A}.Release|ARM.Build.0 = Release|Any CPU
		{90BCDEFD-A9C2-45AB-8992-F95AD479A42A}.Release|ARM64.ActiveCfg = Release|Any CPU
		{90BCDEFD-A9C2-45AB-8992-F95AD479A42A}.Release|ARM64.Build.0 = Release|Any CPU
		{90BCDEFD-A9C2-45AB-8992-F95AD479A42A}.Release|x64.ActiveCfg = Release|Any CPU
		{90BCDEFD-A9C2-45AB-8992-F95AD479A42A}.Release|x64.Build.0 = Release|Any CPU
		{90BCDEFD-A9C2-45AB-8992-F95AD479A42A}.Release|x86.ActiveCfg = Release|Any CPU
		{90BCDEFD-A9C2-45AB-8992-F95AD479A42A}.Release|x86.Build.0 = Release|Any CPU
	EndGlobalSection
	GlobalSection(SolutionProperties) = preSolution
		HideSolutionNode = FALSE
	EndGlobalSection
	GlobalSection(ExtensibilityGlobals) = postSolution
		SolutionGuid = {4C4780E8-FFAE-4AD8-82C1-4C00AEB92AC9}
	EndGlobalSection
EndGlobal
